// !$*UTF8*$!
{
	archiveVersion = 1;
	classes = {
	};
	objectVersion = 55;
	objects = {

/* Begin PBXBuildFile section */
		7509DC8728B470CD0003E408 /* Assets.xcassets in Resources */ = {isa = PBXBuildFile; fileRef = 7509DC8628B470CD0003E408 /* Assets.xcassets */; };
		751B3CAD28AE26000018F612 /* MH1ImageDetail.swift in Sources */ = {isa = PBXBuildFile; fileRef = 751B3CAC28AE26000018F612 /* MH1ImageDetail.swift */; };
		75362D6E28B7759E009BF8E8 /* CellDetail.swift in Sources */ = {isa = PBXBuildFile; fileRef = 75362D6D28B7759E009BF8E8 /* CellDetail.swift */; };
		75973D1528AE3DE900B8125C /* MH1ThemMoi.swift in Sources */ = {isa = PBXBuildFile; fileRef = 75973D1428AE3DE900B8125C /* MH1ThemMoi.swift */; };
		75A5645828D814280092AEB3 /* DBManager.swift in Sources */ = {isa = PBXBuildFile; fileRef = 75A5645728D814280092AEB3 /* DBManager.swift */; };
		75A9BD2528CAD8C800731175 /* Person.swift in Sources */ = {isa = PBXBuildFile; fileRef = 75A9BD2428CAD8C800731175 /* Person.swift */; };
		75BAC9BC28AB435300E7EA55 /* SuaVC12.swift in Sources */ = {isa = PBXBuildFile; fileRef = 75BAC9BB28AB435300E7EA55 /* SuaVC12.swift */; };
		75BC523B28CB4BE60089FFF7 /* PhoneRow.swift in Sources */ = {isa = PBXBuildFile; fileRef = 75BC523A28CB4BE60089FFF7 /* PhoneRow.swift */; };
		75CB6006289BDB9700ECB28A /* DongMH1Cell.swift in Sources */ = {isa = PBXBuildFile; fileRef = 75CB6005289BDB9700ECB28A /* DongMH1Cell.swift */; };
		75D5E2B028B86BF90008A504 /* CellModify.swift in Sources */ = {isa = PBXBuildFile; fileRef = 75D5E2AF28B86BF90008A504 /* CellModify.swift */; };
		75D5E2B228B86C1E0008A504 /* CellPhoneTypeModify.swift in Sources */ = {isa = PBXBuildFile; fileRef = 75D5E2B128B86C1E0008A504 /* CellPhoneTypeModify.swift */; };
		75D6DEBE288659CA008E3970 /* AppDelegate.swift in Sources */ = {isa = PBXBuildFile; fileRef = 75D6DEBD288659CA008E3970 /* AppDelegate.swift */; };
		75D6DEC0288659CA008E3970 /* SceneDelegate.swift in Sources */ = {isa = PBXBuildFile; fileRef = 75D6DEBF288659CA008E3970 /* SceneDelegate.swift */; };
		75D6DEC2288659CA008E3970 /* ViewController.swift in Sources */ = {isa = PBXBuildFile; fileRef = 75D6DEC1288659CA008E3970 /* ViewController.swift */; };
		75D6DEC5288659CA008E3970 /* Main.storyboard in Resources */ = {isa = PBXBuildFile; fileRef = 75D6DEC3288659CA008E3970 /* Main.storyboard */; };
		75D6DECA288659CB008E3970 /* LaunchScreen.storyboard in Resources */ = {isa = PBXBuildFile; fileRef = 75D6DEC8288659CB008E3970 /* LaunchScreen.storyboard */; };
		75D6DED5288659CB008E3970 /* ContactsTests.swift in Sources */ = {isa = PBXBuildFile; fileRef = 75D6DED4288659CB008E3970 /* ContactsTests.swift */; };
		75D6DEDF288659CB008E3970 /* ContactsUITests.swift in Sources */ = {isa = PBXBuildFile; fileRef = 75D6DEDE288659CB008E3970 /* ContactsUITests.swift */; };
		75D6DEE1288659CB008E3970 /* ContactsUITestsLaunchTests.swift in Sources */ = {isa = PBXBuildFile; fileRef = 75D6DEE0288659CB008E3970 /* ContactsUITestsLaunchTests.swift */; };
		75E8762B289CBB5500DCFE0B /* MH1DetailVC.swift in Sources */ = {isa = PBXBuildFile; fileRef = 75E8762A289CBB5500DCFE0B /* MH1DetailVC.swift */; };
		75F2A64328B709C50063D16A /* CellName.swift in Sources */ = {isa = PBXBuildFile; fileRef = 75F2A64228B709C50063D16A /* CellName.swift */; };
		75F2A64528B70B090063D16A /* CellPhoneAdd.swift in Sources */ = {isa = PBXBuildFile; fileRef = 75F2A64428B70B090063D16A /* CellPhoneAdd.swift */; };
		75F2A64728B70C540063D16A /* CellPhoneType.swift in Sources */ = {isa = PBXBuildFile; fileRef = 75F2A64628B70C540063D16A /* CellPhoneType.swift */; };
		75F2A64928B70C760063D16A /* CellEmail.swift in Sources */ = {isa = PBXBuildFile; fileRef = 75F2A64828B70C760063D16A /* CellEmail.swift */; };
		75F2A64B28B70C9C0063D16A /* CellCompany.swift in Sources */ = {isa = PBXBuildFile; fileRef = 75F2A64A28B70C9C0063D16A /* CellCompany.swift */; };
		75F2A64D28B70CAC0063D16A /* CellDofB.swift in Sources */ = {isa = PBXBuildFile; fileRef = 75F2A64C28B70CAC0063D16A /* CellDofB.swift */; };
		75F2A64F28B723F80063D16A /* CellId.swift in Sources */ = {isa = PBXBuildFile; fileRef = 75F2A64E28B723F80063D16A /* CellId.swift */; };
		89308055C5ADC850F3024436 /* Pods_Contacts.framework in Frameworks */ = {isa = PBXBuildFile; fileRef = 2FA29C8182163CE5C3F526D0 /* Pods_Contacts.framework */; };
/* End PBXBuildFile section */

/* Begin PBXContainerItemProxy section */
		75D6DED1288659CB008E3970 /* PBXContainerItemProxy */ = {
			isa = PBXContainerItemProxy;
			containerPortal = 75D6DEB2288659CA008E3970 /* Project object */;
			proxyType = 1;
			remoteGlobalIDString = 75D6DEB9288659CA008E3970;
			remoteInfo = Contacts;
		};
		75D6DEDB288659CB008E3970 /* PBXContainerItemProxy */ = {
			isa = PBXContainerItemProxy;
			containerPortal = 75D6DEB2288659CA008E3970 /* Project object */;
			proxyType = 1;
			remoteGlobalIDString = 75D6DEB9288659CA008E3970;
			remoteInfo = Contacts;
		};
/* End PBXContainerItemProxy section */

/* Begin PBXFileReference section */
		2FA29C8182163CE5C3F526D0 /* Pods_Contacts.framework */ = {isa = PBXFileReference; explicitFileType = wrapper.framework; includeInIndex = 0; path = Pods_Contacts.framework; sourceTree = BUILT_PRODUCTS_DIR; };
		6BC18BCE3D4EE9EFFE31672D /* Pods-Contacts.release.xcconfig */ = {isa = PBXFileReference; includeInIndex = 1; lastKnownFileType = text.xcconfig; name = "Pods-Contacts.release.xcconfig"; path = "Target Support Files/Pods-Contacts/Pods-Contacts.release.xcconfig"; sourceTree = "<group>"; };
		6FA14B9B255B73DF0FD9E148 /* Pods-Contacts.debug.xcconfig */ = {isa = PBXFileReference; includeInIndex = 1; lastKnownFileType = text.xcconfig; name = "Pods-Contacts.debug.xcconfig"; path = "Target Support Files/Pods-Contacts/Pods-Contacts.debug.xcconfig"; sourceTree = "<group>"; };
		7509DC8628B470CD0003E408 /* Assets.xcassets */ = {isa = PBXFileReference; lastKnownFileType = folder.assetcatalog; name = Assets.xcassets; path = Contacts/Assets.xcassets; sourceTree = SOURCE_ROOT; };
		751B3CAC28AE26000018F612 /* MH1ImageDetail.swift */ = {isa = PBXFileReference; lastKnownFileType = sourcecode.swift; path = MH1ImageDetail.swift; sourceTree = "<group>"; };
		75362D6D28B7759E009BF8E8 /* CellDetail.swift */ = {isa = PBXFileReference; lastKnownFileType = sourcecode.swift; path = CellDetail.swift; sourceTree = "<group>"; };
		75973D1428AE3DE900B8125C /* MH1ThemMoi.swift */ = {isa = PBXFileReference; lastKnownFileType = sourcecode.swift; path = MH1ThemMoi.swift; sourceTree = "<group>"; };
		75A5645728D814280092AEB3 /* DBManager.swift */ = {isa = PBXFileReference; lastKnownFileType = sourcecode.swift; path = DBManager.swift; sourceTree = "<group>"; };
		75A9BD2428CAD8C800731175 /* Person.swift */ = {isa = PBXFileReference; fileEncoding = 4; lastKnownFileType = sourcecode.swift; path = Person.swift; sourceTree = "<group>"; };
		75BAC9BB28AB435300E7EA55 /* SuaVC12.swift */ = {isa = PBXFileReference; lastKnownFileType = sourcecode.swift; path = SuaVC12.swift; sourceTree = "<group>"; };
		75BC523A28CB4BE60089FFF7 /* PhoneRow.swift */ = {isa = PBXFileReference; lastKnownFileType = sourcecode.swift; path = PhoneRow.swift; sourceTree = "<group>"; };
		75CB6005289BDB9700ECB28A /* DongMH1Cell.swift */ = {isa = PBXFileReference; lastKnownFileType = sourcecode.swift; path = DongMH1Cell.swift; sourceTree = "<group>"; };
		75D5E2AF28B86BF90008A504 /* CellModify.swift */ = {isa = PBXFileReference; lastKnownFileType = sourcecode.swift; path = CellModify.swift; sourceTree = "<group>"; };
		75D5E2B128B86C1E0008A504 /* CellPhoneTypeModify.swift */ = {isa = PBXFileReference; lastKnownFileType = sourcecode.swift; path = CellPhoneTypeModify.swift; sourceTree = "<group>"; };
		75D6DEBA288659CA008E3970 /* Contacts.app */ = {isa = PBXFileReference; explicitFileType = wrapper.application; includeInIndex = 0; path = Contacts.app; sourceTree = BUILT_PRODUCTS_DIR; };
		75D6DEBD288659CA008E3970 /* AppDelegate.swift */ = {isa = PBXFileReference; lastKnownFileType = sourcecode.swift; path = AppDelegate.swift; sourceTree = "<group>"; };
		75D6DEBF288659CA008E3970 /* SceneDelegate.swift */ = {isa = PBXFileReference; lastKnownFileType = sourcecode.swift; path = SceneDelegate.swift; sourceTree = "<group>"; };
		75D6DEC1288659CA008E3970 /* ViewController.swift */ = {isa = PBXFileReference; lastKnownFileType = sourcecode.swift; path = ViewController.swift; sourceTree = "<group>"; };
		75D6DEC4288659CA008E3970 /* Base */ = {isa = PBXFileReference; lastKnownFileType = file.storyboard; name = Base; path = Base.lproj/Main.storyboard; sourceTree = "<group>"; };
		75D6DEC9288659CB008E3970 /* Base */ = {isa = PBXFileReference; lastKnownFileType = file.storyboard; name = Base; path = Base.lproj/LaunchScreen.storyboard; sourceTree = "<group>"; };
		75D6DECB288659CB008E3970 /* Info.plist */ = {isa = PBXFileReference; lastKnownFileType = text.plist.xml; path = Info.plist; sourceTree = "<group>"; };
		75D6DED0288659CB008E3970 /* ContactsTests.xctest */ = {isa = PBXFileReference; explicitFileType = wrapper.cfbundle; includeInIndex = 0; path = ContactsTests.xctest; sourceTree = BUILT_PRODUCTS_DIR; };
		75D6DED4288659CB008E3970 /* ContactsTests.swift */ = {isa = PBXFileReference; lastKnownFileType = sourcecode.swift; path = ContactsTests.swift; sourceTree = "<group>"; };
		75D6DEDA288659CB008E3970 /* ContactsUITests.xctest */ = {isa = PBXFileReference; explicitFileType = wrapper.cfbundle; includeInIndex = 0; path = ContactsUITests.xctest; sourceTree = BUILT_PRODUCTS_DIR; };
		75D6DEDE288659CB008E3970 /* ContactsUITests.swift */ = {isa = PBXFileReference; lastKnownFileType = sourcecode.swift; path = ContactsUITests.swift; sourceTree = "<group>"; };
		75D6DEE0288659CB008E3970 /* ContactsUITestsLaunchTests.swift */ = {isa = PBXFileReference; lastKnownFileType = sourcecode.swift; path = ContactsUITestsLaunchTests.swift; sourceTree = "<group>"; };
		75E8762A289CBB5500DCFE0B /* MH1DetailVC.swift */ = {isa = PBXFileReference; lastKnownFileType = sourcecode.swift; path = MH1DetailVC.swift; sourceTree = "<group>"; };
		75F2A64228B709C50063D16A /* CellName.swift */ = {isa = PBXFileReference; lastKnownFileType = sourcecode.swift; path = CellName.swift; sourceTree = "<group>"; };
		75F2A64428B70B090063D16A /* CellPhoneAdd.swift */ = {isa = PBXFileReference; lastKnownFileType = sourcecode.swift; path = CellPhoneAdd.swift; sourceTree = "<group>"; };
		75F2A64628B70C540063D16A /* CellPhoneType.swift */ = {isa = PBXFileReference; lastKnownFileType = sourcecode.swift; path = CellPhoneType.swift; sourceTree = "<group>"; };
		75F2A64828B70C760063D16A /* CellEmail.swift */ = {isa = PBXFileReference; lastKnownFileType = sourcecode.swift; path = CellEmail.swift; sourceTree = "<group>"; };
		75F2A64A28B70C9C0063D16A /* CellCompany.swift */ = {isa = PBXFileReference; lastKnownFileType = sourcecode.swift; path = CellCompany.swift; sourceTree = "<group>"; };
		75F2A64C28B70CAC0063D16A /* CellDofB.swift */ = {isa = PBXFileReference; lastKnownFileType = sourcecode.swift; path = CellDofB.swift; sourceTree = "<group>"; };
		75F2A64E28B723F80063D16A /* CellId.swift */ = {isa = PBXFileReference; lastKnownFileType = sourcecode.swift; path = CellId.swift; sourceTree = "<group>"; };
/* End PBXFileReference section */

/* Begin PBXFrameworksBuildPhase section */
		75D6DEB7288659CA008E3970 /* Frameworks */ = {
			isa = PBXFrameworksBuildPhase;
			buildActionMask = 2147483647;
			files = (
				89308055C5ADC850F3024436 /* Pods_Contacts.framework in Frameworks */,
			);
			runOnlyForDeploymentPostprocessing = 0;
		};
		75D6DECD288659CB008E3970 /* Frameworks */ = {
			isa = PBXFrameworksBuildPhase;
			buildActionMask = 2147483647;
			files = (
			);
			runOnlyForDeploymentPostprocessing = 0;
		};
		75D6DED7288659CB008E3970 /* Frameworks */ = {
			isa = PBXFrameworksBuildPhase;
			buildActionMask = 2147483647;
			files = (
			);
			runOnlyForDeploymentPostprocessing = 0;
		};
/* End PBXFrameworksBuildPhase section */

/* Begin PBXGroup section */
		55192870FA752F0B2E838D29 /* Frameworks */ = {
			isa = PBXGroup;
			children = (
				2FA29C8182163CE5C3F526D0 /* Pods_Contacts.framework */,
			);
			name = Frameworks;
			sourceTree = "<group>";
		};
		75362D6A28B772D8009BF8E8 /* DetailsPerson */ = {
			isa = PBXGroup;
			children = (
				75E8762A289CBB5500DCFE0B /* MH1DetailVC.swift */,
				75362D6B28B77443009BF8E8 /* CellDetail */,
			);
			path = DetailsPerson;
			sourceTree = "<group>";
		};
		75362D6B28B77443009BF8E8 /* CellDetail */ = {
			isa = PBXGroup;
			children = (
				75362D6D28B7759E009BF8E8 /* CellDetail.swift */,
			);
			path = CellDetail;
			sourceTree = "<group>";
		};
		75362D6C28B774DE009BF8E8 /* Modify */ = {
			isa = PBXGroup;
			children = (
				75D5E2AE28B864F30008A504 /* CellModify */,
				75BAC9BB28AB435300E7EA55 /* SuaVC12.swift */,
			);
			path = Modify;
			sourceTree = "<group>";
		};
		75BAC9BD28AB43A800E7EA55 /* MH1 */ = {
			isa = PBXGroup;
			children = (
				75D6DEC1288659CA008E3970 /* ViewController.swift */,
				75CB6005289BDB9700ECB28A /* DongMH1Cell.swift */,
				75CE337B28B63AC3004386C3 /* NewAddPerson */,
				75362D6A28B772D8009BF8E8 /* DetailsPerson */,
				75362D6C28B774DE009BF8E8 /* Modify */,
			);
			path = MH1;
			sourceTree = "<group>";
		};
		75CE337B28B63AC3004386C3 /* NewAddPerson */ = {
			isa = PBXGroup;
			children = (
				75F2A64128B709700063D16A /* Cell */,
				75973D1428AE3DE900B8125C /* MH1ThemMoi.swift */,
				751B3CAC28AE26000018F612 /* MH1ImageDetail.swift */,
			);
			path = NewAddPerson;
			sourceTree = "<group>";
		};
		75D5E2AE28B864F30008A504 /* CellModify */ = {
			isa = PBXGroup;
			children = (
				75D5E2AF28B86BF90008A504 /* CellModify.swift */,
				75D5E2B128B86C1E0008A504 /* CellPhoneTypeModify.swift */,
			);
			path = CellModify;
			sourceTree = "<group>";
		};
		75D6DEB1288659CA008E3970 = {
			isa = PBXGroup;
			children = (
				75A5645728D814280092AEB3 /* DBManager.swift */,
				75D6DEBC288659CA008E3970 /* Contacts */,
				75D6DED3288659CB008E3970 /* ContactsTests */,
				75D6DEDD288659CB008E3970 /* ContactsUITests */,
				75D6DEBB288659CA008E3970 /* Products */,
				CFD96AD97917606329B81AA4 /* Pods */,
				55192870FA752F0B2E838D29 /* Frameworks */,
			);
			sourceTree = "<group>";
		};
		75D6DEBB288659CA008E3970 /* Products */ = {
			isa = PBXGroup;
			children = (
				75D6DEBA288659CA008E3970 /* Contacts.app */,
				75D6DED0288659CB008E3970 /* ContactsTests.xctest */,
				75D6DEDA288659CB008E3970 /* ContactsUITests.xctest */,
			);
			name = Products;
			sourceTree = "<group>";
		};
		75D6DEBC288659CA008E3970 /* Contacts */ = {
			isa = PBXGroup;
			children = (
				75A9BD2428CAD8C800731175 /* Person.swift */,
				75BAC9BD28AB43A800E7EA55 /* MH1 */,
				75D6DEBD288659CA008E3970 /* AppDelegate.swift */,
				75D6DEBF288659CA008E3970 /* SceneDelegate.swift */,
				75D6DEC8288659CB008E3970 /* LaunchScreen.storyboard */,
				75D6DECB288659CB008E3970 /* Info.plist */,
				75D6DEC3288659CA008E3970 /* Main.storyboard */,
				75BC523A28CB4BE60089FFF7 /* PhoneRow.swift */,
			);
			path = Contacts;
			sourceTree = "<group>";
		};
		75D6DED3288659CB008E3970 /* ContactsTests */ = {
			isa = PBXGroup;
			children = (
				75D6DED4288659CB008E3970 /* ContactsTests.swift */,
			);
			path = ContactsTests;
			sourceTree = "<group>";
		};
		75D6DEDD288659CB008E3970 /* ContactsUITests */ = {
			isa = PBXGroup;
			children = (
				75D6DEDE288659CB008E3970 /* ContactsUITests.swift */,
				75D6DEE0288659CB008E3970 /* ContactsUITestsLaunchTests.swift */,
				7509DC8628B470CD0003E408 /* Assets.xcassets */,
			);
			path = ContactsUITests;
			sourceTree = "<group>";
		};
		75F2A64128B709700063D16A /* Cell */ = {
			isa = PBXGroup;
			children = (
				75F2A64228B709C50063D16A /* CellName.swift */,
				75F2A64428B70B090063D16A /* CellPhoneAdd.swift */,
				75F2A64628B70C540063D16A /* CellPhoneType.swift */,
				75F2A64828B70C760063D16A /* CellEmail.swift */,
				75F2A64A28B70C9C0063D16A /* CellCompany.swift */,
				75F2A64C28B70CAC0063D16A /* CellDofB.swift */,
				75F2A64E28B723F80063D16A /* CellId.swift */,
			);
			path = Cell;
			sourceTree = "<group>";
		};
		CFD96AD97917606329B81AA4 /* Pods */ = {
			isa = PBXGroup;
			children = (
				6FA14B9B255B73DF0FD9E148 /* Pods-Contacts.debug.xcconfig */,
				6BC18BCE3D4EE9EFFE31672D /* Pods-Contacts.release.xcconfig */,
			);
			path = Pods;
			sourceTree = "<group>";
		};
/* End PBXGroup section */

/* Begin PBXNativeTarget section */
		75D6DEB9288659CA008E3970 /* Contacts */ = {
			isa = PBXNativeTarget;
			buildConfigurationList = 75D6DEE4288659CB008E3970 /* Build configuration list for PBXNativeTarget "Contacts" */;
			buildPhases = (
				2201C480209907E9B9E23EC9 /* [CP] Check Pods Manifest.lock */,
				75D6DEB6288659CA008E3970 /* Sources */,
				75D6DEB7288659CA008E3970 /* Frameworks */,
				75D6DEB8288659CA008E3970 /* Resources */,
				1B0056B96A9B1ACA39AC4205 /* [CP] Embed Pods Frameworks */,
			);
			buildRules = (
			);
			dependencies = (
			);
			name = Contacts;
			productName = Contacts;
			productReference = 75D6DEBA288659CA008E3970 /* Contacts.app */;
			productType = "com.apple.product-type.application";
		};
		75D6DECF288659CB008E3970 /* ContactsTests */ = {
			isa = PBXNativeTarget;
			buildConfigurationList = 75D6DEE7288659CB008E3970 /* Build configuration list for PBXNativeTarget "ContactsTests" */;
			buildPhases = (
				75D6DECC288659CB008E3970 /* Sources */,
				75D6DECD288659CB008E3970 /* Frameworks */,
				75D6DECE288659CB008E3970 /* Resources */,
			);
			buildRules = (
			);
			dependencies = (
				75D6DED2288659CB008E3970 /* PBXTargetDependency */,
			);
			name = ContactsTests;
			productName = ContactsTests;
			productReference = 75D6DED0288659CB008E3970 /* ContactsTests.xctest */;
			productType = "com.apple.product-type.bundle.unit-test";
		};
		75D6DED9288659CB008E3970 /* ContactsUITests */ = {
			isa = PBXNativeTarget;
			buildConfigurationList = 75D6DEEA288659CB008E3970 /* Build configuration list for PBXNativeTarget "ContactsUITests" */;
			buildPhases = (
				75D6DED6288659CB008E3970 /* Sources */,
				75D6DED7288659CB008E3970 /* Frameworks */,
				75D6DED8288659CB008E3970 /* Resources */,
			);
			buildRules = (
			);
			dependencies = (
				75D6DEDC288659CB008E3970 /* PBXTargetDependency */,
			);
			name = ContactsUITests;
			productName = ContactsUITests;
			productReference = 75D6DEDA288659CB008E3970 /* ContactsUITests.xctest */;
			productType = "com.apple.product-type.bundle.ui-testing";
		};
/* End PBXNativeTarget section */

/* Begin PBXProject section */
		75D6DEB2288659CA008E3970 /* Project object */ = {
			isa = PBXProject;
			attributes = {
				BuildIndependentTargetsInParallel = 1;
				LastSwiftUpdateCheck = 1340;
				LastUpgradeCheck = 1340;
				TargetAttributes = {
					75D6DEB9288659CA008E3970 = {
						CreatedOnToolsVersion = 13.4;
					};
					75D6DECF288659CB008E3970 = {
						CreatedOnToolsVersion = 13.4;
						TestTargetID = 75D6DEB9288659CA008E3970;
					};
					75D6DED9288659CB008E3970 = {
						CreatedOnToolsVersion = 13.4;
						TestTargetID = 75D6DEB9288659CA008E3970;
					};
				};
			};
			buildConfigurationList = 75D6DEB5288659CA008E3970 /* Build configuration list for PBXProject "Contacts" */;
			compatibilityVersion = "Xcode 13.0";
			developmentRegion = en;
			hasScannedForEncodings = 0;
			knownRegions = (
				en,
				Base,
			);
			mainGroup = 75D6DEB1288659CA008E3970;
			packageReferences = (
			);
			productRefGroup = 75D6DEBB288659CA008E3970 /* Products */;
			projectDirPath = "";
			projectRoot = "";
			targets = (
				75D6DEB9288659CA008E3970 /* Contacts */,
				75D6DECF288659CB008E3970 /* ContactsTests */,
				75D6DED9288659CB008E3970 /* ContactsUITests */,
			);
		};
/* End PBXProject section */

/* Begin PBXResourcesBuildPhase section */
		75D6DEB8288659CA008E3970 /* Resources */ = {
			isa = PBXResourcesBuildPhase;
			buildActionMask = 2147483647;
			files = (
				75D6DECA288659CB008E3970 /* LaunchScreen.storyboard in Resources */,
				75D6DEC5288659CA008E3970 /* Main.storyboard in Resources */,
			);
			runOnlyForDeploymentPostprocessing = 0;
		};
		75D6DECE288659CB008E3970 /* Resources */ = {
			isa = PBXResourcesBuildPhase;
			buildActionMask = 2147483647;
			files = (
			);
			runOnlyForDeploymentPostprocessing = 0;
		};
		75D6DED8288659CB008E3970 /* Resources */ = {
			isa = PBXResourcesBuildPhase;
			buildActionMask = 2147483647;
			files = (
				7509DC8728B470CD0003E408 /* Assets.xcassets in Resources */,
			);
			runOnlyForDeploymentPostprocessing = 0;
		};
/* End PBXResourcesBuildPhase section */

/* Begin PBXShellScriptBuildPhase section */
		1B0056B96A9B1ACA39AC4205 /* [CP] Embed Pods Frameworks */ = {
			isa = PBXShellScriptBuildPhase;
			buildActionMask = 2147483647;
			files = (
			);
			inputFileListPaths = (
				"${PODS_ROOT}/Target Support Files/Pods-Contacts/Pods-Contacts-frameworks-${CONFIGURATION}-input-files.xcfilelist",
			);
			name = "[CP] Embed Pods Frameworks";
			outputFileListPaths = (
				"${PODS_ROOT}/Target Support Files/Pods-Contacts/Pods-Contacts-frameworks-${CONFIGURATION}-output-files.xcfilelist",
			);
			runOnlyForDeploymentPostprocessing = 0;
			shellPath = /bin/sh;
			shellScript = "\"${PODS_ROOT}/Target Support Files/Pods-Contacts/Pods-Contacts-frameworks.sh\"\n";
			showEnvVarsInLog = 0;
		};
		2201C480209907E9B9E23EC9 /* [CP] Check Pods Manifest.lock */ = {
			isa = PBXShellScriptBuildPhase;
			buildActionMask = 2147483647;
			files = (
			);
			inputFileListPaths = (
			);
			inputPaths = (
				"${PODS_PODFILE_DIR_PATH}/Podfile.lock",
				"${PODS_ROOT}/Manifest.lock",
			);
			name = "[CP] Check Pods Manifest.lock";
			outputFileListPaths = (
			);
			outputPaths = (
				"$(DERIVED_FILE_DIR)/Pods-Contacts-checkManifestLockResult.txt",
			);
			runOnlyForDeploymentPostprocessing = 0;
			shellPath = /bin/sh;
			shellScript = "diff \"${PODS_PODFILE_DIR_PATH}/Podfile.lock\" \"${PODS_ROOT}/Manifest.lock\" > /dev/null\nif [ $? != 0 ] ; then\n    # print error to STDERR\n    echo \"error: The sandbox is not in sync with the Podfile.lock. Run 'pod install' or update your CocoaPods installation.\" >&2\n    exit 1\nfi\n# This output is used by Xcode 'outputs' to avoid re-running this script phase.\necho \"SUCCESS\" > \"${SCRIPT_OUTPUT_FILE_0}\"\n";
			showEnvVarsInLog = 0;
		};
/* End PBXShellScriptBuildPhase section */

/* Begin PBXSourcesBuildPhase section */
		75D6DEB6288659CA008E3970 /* Sources */ = {
			isa = PBXSourcesBuildPhase;
			buildActionMask = 2147483647;
			files = (
				75D5E2B228B86C1E0008A504 /* CellPhoneTypeModify.swift in Sources */,
				751B3CAD28AE26000018F612 /* MH1ImageDetail.swift in Sources */,
				75F2A64B28B70C9C0063D16A /* CellCompany.swift in Sources */,
				75D6DEC2288659CA008E3970 /* ViewController.swift in Sources */,
				75973D1528AE3DE900B8125C /* MH1ThemMoi.swift in Sources */,
				75D6DEBE288659CA008E3970 /* AppDelegate.swift in Sources */,
				75D5E2B028B86BF90008A504 /* CellModify.swift in Sources */,
				75F2A64328B709C50063D16A /* CellName.swift in Sources */,
				75F2A64D28B70CAC0063D16A /* CellDofB.swift in Sources */,
				75BAC9BC28AB435300E7EA55 /* SuaVC12.swift in Sources */,
				75A9BD2528CAD8C800731175 /* Person.swift in Sources */,
				75CB6006289BDB9700ECB28A /* DongMH1Cell.swift in Sources */,
				75BC523B28CB4BE60089FFF7 /* PhoneRow.swift in Sources */,
				75A5645828D814280092AEB3 /* DBManager.swift in Sources */,
				75F2A64528B70B090063D16A /* CellPhoneAdd.swift in Sources */,
				75E8762B289CBB5500DCFE0B /* MH1DetailVC.swift in Sources */,
				75F2A64928B70C760063D16A /* CellEmail.swift in Sources */,
				75362D6E28B7759E009BF8E8 /* CellDetail.swift in Sources */,
				75D6DEC0288659CA008E3970 /* SceneDelegate.swift in Sources */,
				75F2A64F28B723F80063D16A /* CellId.swift in Sources */,
				75F2A64728B70C540063D16A /* CellPhoneType.swift in Sources */,
			);
			runOnlyForDeploymentPostprocessing = 0;
		};
		75D6DECC288659CB008E3970 /* Sources */ = {
			isa = PBXSourcesBuildPhase;
			buildActionMask = 2147483647;
			files = (
				75D6DED5288659CB008E3970 /* ContactsTests.swift in Sources */,
			);
			runOnlyForDeploymentPostprocessing = 0;
		};
		75D6DED6288659CB008E3970 /* Sources */ = {
			isa = PBXSourcesBuildPhase;
			buildActionMask = 2147483647;
			files = (
				75D6DEE1288659CB008E3970 /* ContactsUITestsLaunchTests.swift in Sources */,
				75D6DEDF288659CB008E3970 /* ContactsUITests.swift in Sources */,
			);
			runOnlyForDeploymentPostprocessing = 0;
		};
/* End PBXSourcesBuildPhase section */

/* Begin PBXTargetDependency section */
		75D6DED2288659CB008E3970 /* PBXTargetDependency */ = {
			isa = PBXTargetDependency;
			target = 75D6DEB9288659CA008E3970 /* Contacts */;
			targetProxy = 75D6DED1288659CB008E3970 /* PBXContainerItemProxy */;
		};
		75D6DEDC288659CB008E3970 /* PBXTargetDependency */ = {
			isa = PBXTargetDependency;
			target = 75D6DEB9288659CA008E3970 /* Contacts */;
			targetProxy = 75D6DEDB288659CB008E3970 /* PBXContainerItemProxy */;
		};
/* End PBXTargetDependency section */

/* Begin PBXVariantGroup section */
		75D6DEC3288659CA008E3970 /* Main.storyboard */ = {
			isa = PBXVariantGroup;
			children = (
				75D6DEC4288659CA008E3970 /* Base */,
			);
			name = Main.storyboard;
			sourceTree = "<group>";
		};
		75D6DEC8288659CB008E3970 /* LaunchScreen.storyboard */ = {
			isa = PBXVariantGroup;
			children = (
				75D6DEC9288659CB008E3970 /* Base */,
			);
			name = LaunchScreen.storyboard;
			sourceTree = "<group>";
		};
/* End PBXVariantGroup section */

/* Begin XCBuildConfiguration section */
		75D6DEE2288659CB008E3970 /* Debug */ = {
			isa = XCBuildConfiguration;
			buildSettings = {
				ALWAYS_SEARCH_USER_PATHS = NO;
				CLANG_ANALYZER_NONNULL = YES;
				CLANG_ANALYZER_NUMBER_OBJECT_CONVERSION = YES_AGGRESSIVE;
				CLANG_CXX_LANGUAGE_STANDARD = "gnu++17";
				CLANG_ENABLE_MODULES = YES;
				CLANG_ENABLE_OBJC_ARC = YES;
				CLANG_ENABLE_OBJC_WEAK = YES;
				CLANG_WARN_BLOCK_CAPTURE_AUTORELEASING = YES;
				CLANG_WARN_BOOL_CONVERSION = YES;
				CLANG_WARN_COMMA = YES;
				CLANG_WARN_CONSTANT_CONVERSION = YES;
				CLANG_WARN_DEPRECATED_OBJC_IMPLEMENTATIONS = YES;
				CLANG_WARN_DIRECT_OBJC_ISA_USAGE = YES_ERROR;
				CLANG_WARN_DOCUMENTATION_COMMENTS = YES;
				CLANG_WARN_EMPTY_BODY = YES;
				CLANG_WARN_ENUM_CONVERSION = YES;
				CLANG_WARN_INFINITE_RECURSION = YES;
				CLANG_WARN_INT_CONVERSION = YES;
				CLANG_WARN_NON_LITERAL_NULL_CONVERSION = YES;
				CLANG_WARN_OBJC_IMPLICIT_RETAIN_SELF = YES;
				CLANG_WARN_OBJC_LITERAL_CONVERSION = YES;
				CLANG_WARN_OBJC_ROOT_CLASS = YES_ERROR;
				CLANG_WARN_QUOTED_INCLUDE_IN_FRAMEWORK_HEADER = YES;
				CLANG_WARN_RANGE_LOOP_ANALYSIS = YES;
				CLANG_WARN_STRICT_PROTOTYPES = YES;
				CLANG_WARN_SUSPICIOUS_MOVE = YES;
				CLANG_WARN_UNGUARDED_AVAILABILITY = YES_AGGRESSIVE;
				CLANG_WARN_UNREACHABLE_CODE = YES;
				CLANG_WARN__DUPLICATE_METHOD_MATCH = YES;
				COPY_PHASE_STRIP = NO;
				DEBUG_INFORMATION_FORMAT = dwarf;
				ENABLE_STRICT_OBJC_MSGSEND = YES;
				ENABLE_TESTABILITY = YES;
				GCC_C_LANGUAGE_STANDARD = gnu11;
				GCC_DYNAMIC_NO_PIC = NO;
				GCC_NO_COMMON_BLOCKS = YES;
				GCC_OPTIMIZATION_LEVEL = 0;
				GCC_PREPROCESSOR_DEFINITIONS = (
					"DEBUG=1",
					"$(inherited)",
				);
				GCC_WARN_64_TO_32_BIT_CONVERSION = YES;
				GCC_WARN_ABOUT_RETURN_TYPE = YES_ERROR;
				GCC_WARN_UNDECLARED_SELECTOR = YES;
				GCC_WARN_UNINITIALIZED_AUTOS = YES_AGGRESSIVE;
				GCC_WARN_UNUSED_FUNCTION = YES;
				GCC_WARN_UNUSED_VARIABLE = YES;
				IPHONEOS_DEPLOYMENT_TARGET = 15.5;
				MTL_ENABLE_DEBUG_INFO = INCLUDE_SOURCE;
				MTL_FAST_MATH = YES;
				ONLY_ACTIVE_ARCH = YES;
				SDKROOT = iphoneos;
				SWIFT_ACTIVE_COMPILATION_CONDITIONS = DEBUG;
				SWIFT_OPTIMIZATION_LEVEL = "-Onone";
			};
			name = Debug;
		};
		75D6DEE3288659CB008E3970 /* Release */ = {
			isa = XCBuildConfiguration;
			buildSettings = {
				ALWAYS_SEARCH_USER_PATHS = NO;
				CLANG_ANALYZER_NONNULL = YES;
				CLANG_ANALYZER_NUMBER_OBJECT_CONVERSION = YES_AGGRESSIVE;
				CLANG_CXX_LANGUAGE_STANDARD = "gnu++17";
				CLANG_ENABLE_MODULES = YES;
				CLANG_ENABLE_OBJC_ARC = YES;
				CLANG_ENABLE_OBJC_WEAK = YES;
				CLANG_WARN_BLOCK_CAPTURE_AUTORELEASING = YES;
				CLANG_WARN_BOOL_CONVERSION = YES;
				CLANG_WARN_COMMA = YES;
				CLANG_WARN_CONSTANT_CONVERSION = YES;
				CLANG_WARN_DEPRECATED_OBJC_IMPLEMENTATIONS = YES;
				CLANG_WARN_DIRECT_OBJC_ISA_USAGE = YES_ERROR;
				CLANG_WARN_DOCUMENTATION_COMMENTS = YES;
				CLANG_WARN_EMPTY_BODY = YES;
				CLANG_WARN_ENUM_CONVERSION = YES;
				CLANG_WARN_INFINITE_RECURSION = YES;
				CLANG_WARN_INT_CONVERSION = YES;
				CLANG_WARN_NON_LITERAL_NULL_CONVERSION = YES;
				CLANG_WARN_OBJC_IMPLICIT_RETAIN_SELF = YES;
				CLANG_WARN_OBJC_LITERAL_CONVERSION = YES;
				CLANG_WARN_OBJC_ROOT_CLASS = YES_ERROR;
				CLANG_WARN_QUOTED_INCLUDE_IN_FRAMEWORK_HEADER = YES;
				CLANG_WARN_RANGE_LOOP_ANALYSIS = YES;
				CLANG_WARN_STRICT_PROTOTYPES = YES;
				CLANG_WARN_SUSPICIOUS_MOVE = YES;
				CLANG_WARN_UNGUARDED_AVAILABILITY = YES_AGGRESSIVE;
				CLANG_WARN_UNREACHABLE_CODE = YES;
				CLANG_WARN__DUPLICATE_METHOD_MATCH = YES;
				COPY_PHASE_STRIP = NO;
				DEBUG_INFORMATION_FORMAT = "dwarf-with-dsym";
				ENABLE_NS_ASSERTIONS = NO;
				ENABLE_STRICT_OBJC_MSGSEND = YES;
				GCC_C_LANGUAGE_STANDARD = gnu11;
				GCC_NO_COMMON_BLOCKS = YES;
				GCC_WARN_64_TO_32_BIT_CONVERSION = YES;
				GCC_WARN_ABOUT_RETURN_TYPE = YES_ERROR;
				GCC_WARN_UNDECLARED_SELECTOR = YES;
				GCC_WARN_UNINITIALIZED_AUTOS = YES_AGGRESSIVE;
				GCC_WARN_UNUSED_FUNCTION = YES;
				GCC_WARN_UNUSED_VARIABLE = YES;
				IPHONEOS_DEPLOYMENT_TARGET = 15.5;
				MTL_ENABLE_DEBUG_INFO = NO;
				MTL_FAST_MATH = YES;
				SDKROOT = iphoneos;
				SWIFT_COMPILATION_MODE = wholemodule;
				SWIFT_OPTIMIZATION_LEVEL = "-O";
				VALIDATE_PRODUCT = YES;
			};
			name = Release;
		};
		75D6DEE5288659CB008E3970 /* Debug */ = {
			isa = XCBuildConfiguration;
			baseConfigurationReference = 6FA14B9B255B73DF0FD9E148 /* Pods-Contacts.debug.xcconfig */;
			buildSettings = {
				ASSETCATALOG_COMPILER_APPICON_NAME = AppIcon;
				ASSETCATALOG_COMPILER_GLOBAL_ACCENT_COLOR_NAME = AccentColor;
				CODE_SIGN_STYLE = Automatic;
				CURRENT_PROJECT_VERSION = 1;
				GENERATE_INFOPLIST_FILE = YES;
				INFOPLIST_FILE = Contacts/Info.plist;
				INFOPLIST_KEY_UIApplicationSupportsIndirectInputEvents = YES;
				INFOPLIST_KEY_UILaunchStoryboardName = LaunchScreen;
				INFOPLIST_KEY_UIMainStoryboardFile = Main;
				INFOPLIST_KEY_UISupportedInterfaceOrientations_iPad = "UIInterfaceOrientationPortrait UIInterfaceOrientationPortraitUpsideDown UIInterfaceOrientationLandscapeLeft UIInterfaceOrientationLandscapeRight";
				INFOPLIST_KEY_UISupportedInterfaceOrientations_iPhone = "UIInterfaceOrientationPortrait UIInterfaceOrientationLandscapeLeft UIInterfaceOrientationLandscapeRight";
				IPHONEOS_DEPLOYMENT_TARGET = 15.5;
				LD_RUNPATH_SEARCH_PATHS = (
					"$(inherited)",
					"@executable_path/Frameworks",
				);
				MARKETING_VERSION = 1.0;
				PRODUCT_BUNDLE_IDENTIFIER = vtv.Contacts;
				PRODUCT_NAME = "$(TARGET_NAME)";
				SWIFT_EMIT_LOC_STRINGS = YES;
				SWIFT_VERSION = 5.0;
				TARGETED_DEVICE_FAMILY = "1,2";
			};
			name = Debug;
		};
		75D6DEE6288659CB008E3970 /* Release */ = {
			isa = XCBuildConfiguration;
			baseConfigurationReference = 6BC18BCE3D4EE9EFFE31672D /* Pods-Contacts.release.xcconfig */;
			buildSettings = {
				ASSETCATALOG_COMPILER_APPICON_NAME = AppIcon;
				ASSETCATALOG_COMPILER_GLOBAL_ACCENT_COLOR_NAME = AccentColor;
				CODE_SIGN_STYLE = Automatic;
				CURRENT_PROJECT_VERSION = 1;
				GENERATE_INFOPLIST_FILE = YES;
				INFOPLIST_FILE = Contacts/Info.plist;
				INFOPLIST_KEY_UIApplicationSupportsIndirectInputEvents = YES;
				INFOPLIST_KEY_UILaunchStoryboardName = LaunchScreen;
				INFOPLIST_KEY_UIMainStoryboardFile = Main;
				INFOPLIST_KEY_UISupportedInterfaceOrientations_iPad = "UIInterfaceOrientationPortrait UIInterfaceOrientationPortraitUpsideDown UIInterfaceOrientationLandscapeLeft UIInterfaceOrientationLandscapeRight";
				INFOPLIST_KEY_UISupportedInterfaceOrientations_iPhone = "UIInterfaceOrientationPortrait UIInterfaceOrientationLandscapeLeft UIInterfaceOrientationLandscapeRight";
				IPHONEOS_DEPLOYMENT_TARGET = 15.5;
				LD_RUNPATH_SEARCH_PATHS = (
					"$(inherited)",
					"@executable_path/Frameworks",
				);
				MARKETING_VERSION = 1.0;
				PRODUCT_BUNDLE_IDENTIFIER = vtv.Contacts;
				PRODUCT_NAME = "$(TARGET_NAME)";
				SWIFT_EMIT_LOC_STRINGS = YES;
				SWIFT_VERSION = 5.0;
				TARGETED_DEVICE_FAMILY = "1,2";
			};
			name = Release;
		};
		75D6DEE8288659CB008E3970 /* Debug */ = {
			isa = XCBuildConfiguration;
			buildSettings = {
				ALWAYS_EMBED_SWIFT_STANDARD_LIBRARIES = YES;
				BUNDLE_LOADER = "$(TEST_HOST)";
				CODE_SIGN_STYLE = Automatic;
				CURRENT_PROJECT_VERSION = 1;
				GENERATE_INFOPLIST_FILE = YES;
				IPHONEOS_DEPLOYMENT_TARGET = 15.5;
				MARKETING_VERSION = 1.0;
				PRODUCT_BUNDLE_IDENTIFIER = vtv.ContactsTests;
				PRODUCT_NAME = "$(TARGET_NAME)";
				SWIFT_EMIT_LOC_STRINGS = NO;
				SWIFT_VERSION = 5.0;
				TARGETED_DEVICE_FAMILY = "1,2";
				TEST_HOST = "$(BUILT_PRODUCTS_DIR)/Contacts.app/Contacts";
			};
			name = Debug;
		};
		75D6DEE9288659CB008E3970 /* Release */ = {
			isa = XCBuildConfiguration;
			buildSettings = {
				ALWAYS_EMBED_SWIFT_STANDARD_LIBRARIES = YES;
				BUNDLE_LOADER = "$(TEST_HOST)";
				CODE_SIGN_STYLE = Automatic;
				CURRENT_PROJECT_VERSION = 1;
				GENERATE_INFOPLIST_FILE = YES;
				IPHONEOS_DEPLOYMENT_TARGET = 15.5;
				MARKETING_VERSION = 1.0;
				PRODUCT_BUNDLE_IDENTIFIER = vtv.ContactsTests;
				PRODUCT_NAME = "$(TARGET_NAME)";
				SWIFT_EMIT_LOC_STRINGS = NO;
				SWIFT_VERSION = 5.0;
				TARGETED_DEVICE_FAMILY = "1,2";
				TEST_HOST = "$(BUILT_PRODUCTS_DIR)/Contacts.app/Contacts";
			};
			name = Release;
		};
		75D6DEEB288659CB008E3970 /* Debug */ = {
			isa = XCBuildConfiguration;
			buildSettings = {
				ALWAYS_EMBED_SWIFT_STANDARD_LIBRARIES = YES;
				CODE_SIGN_STYLE = Automatic;
				CURRENT_PROJECT_VERSION = 1;
				GENERATE_INFOPLIST_FILE = YES;
				MARKETING_VERSION = 1.0;
				PRODUCT_BUNDLE_IDENTIFIER = vtv.ContactsUITests;
				PRODUCT_NAME = "$(TARGET_NAME)";
				SWIFT_EMIT_LOC_STRINGS = NO;
				SWIFT_VERSION = 5.0;
				TARGETED_DEVICE_FAMILY = "1,2";
				TEST_TARGET_NAME = Contacts;
			};
			name = Debug;
		};
		75D6DEEC288659CB008E3970 /* Release */ = {
			isa = XCBuildConfiguration;
			buildSettings = {
				ALWAYS_EMBED_SWIFT_STANDARD_LIBRARIES = YES;
				CODE_SIGN_STYLE = Automatic;
				CURRENT_PROJECT_VERSION = 1;
				GENERATE_INFOPLIST_FILE = YES;
				MARKETING_VERSION = 1.0;
				PRODUCT_BUNDLE_IDENTIFIER = vtv.ContactsUITests;
				PRODUCT_NAME = "$(TARGET_NAME)";
				SWIFT_EMIT_LOC_STRINGS = NO;
				SWIFT_VERSION = 5.0;
				TARGETED_DEVICE_FAMILY = "1,2";
				TEST_TARGET_NAME = Contacts;
			};
			name = Release;
		};
/* End XCBuildConfiguration section */

/* Begin XCConfigurationList section */
		75D6DEB5288659CA008E3970 /* Build configuration list for PBXProject "Contacts" */ = {
			isa = XCConfigurationList;
			buildConfigurations = (
				75D6DEE2288659CB008E3970 /* Debug */,
				75D6DEE3288659CB008E3970 /* Release */,
			);
			defaultConfigurationIsVisible = 0;
			defaultConfigurationName = Release;
		};
		75D6DEE4288659CB008E3970 /* Build configuration list for PBXNativeTarget "Contacts" */ = {
			isa = XCConfigurationList;
			buildConfigurations = (
				75D6DEE5288659CB008E3970 /* Debug */,
				75D6DEE6288659CB008E3970 /* Release */,
			);
			defaultConfigurationIsVisible = 0;
			defaultConfigurationName = Release;
		};
		75D6DEE7288659CB008E3970 /* Build configuration list for PBXNativeTarget "ContactsTests" */ = {
			isa = XCConfigurationList;
			buildConfigurations = (
				75D6DEE8288659CB008E3970 /* Debug */,
				75D6DEE9288659CB008E3970 /* Release */,
			);
			defaultConfigurationIsVisible = 0;
			defaultConfigurationName = Release;
		};
		75D6DEEA288659CB008E3970 /* Build configuration list for PBXNativeTarget "ContactsUITests" */ = {
			isa = XCConfigurationList;
			buildConfigurations = (
				75D6DEEB288659CB008E3970 /* Debug */,
				75D6DEEC288659CB008E3970 /* Release */,
			);
			defaultConfigurationIsVisible = 0;
			defaultConfigurationName = Release;
		};
/* End XCConfigurationList section */
	};
	rootObject = 75D6DEB2288659CA008E3970 /* Project object */;
}
